
Microsoft Visual Studio Solution File, Format Version 12.00
# Visual Studio Version 16
VisualStudioVersion = 16.0.29020.237
MinimumVisualStudioVersion = 10.0.40219.1
Project("{9A19103F-16F7-4668-BE54-9A1E7A4F7556}") = "ArtificialisExcogitatoris", "ArtificialisExcogitatoris\ArtificialisExcogitatoris.csproj", "{61C6E861-18BB-4113-B11F-8F989CDA8755}"
EndProject
Project("{9A19103F-16F7-4668-BE54-9A1E7A4F7556}") = "ArtificialisExcogitatoris.Console", "ArtificialisExcogitatoris.Console\ArtificialisExcogitatoris.Console.csproj", "{70B68349-E55A-49F2-A557-4B3CAE57E0E5}"
EndProject
Project("{9A19103F-16F7-4668-BE54-9A1E7A4F7556}") = "AppSettingsManager", "AppSettingsManager\AppSettingsManager.csproj", "{77B4E6B5-FF5D-4C93-A36F-C37643691AF5}"
EndProject
Project("{9A19103F-16F7-4668-BE54-9A1E7A4F7556}") = "ArtificialisExcogitatoris.Base", "ArtificialisExcogitatoris.Base\ArtificialisExcogitatoris.Base.csproj", "{3D6A38FB-A080-416B-981F-84A63CD0B1FE}"
EndProject
Project("{2150E333-8FDC-42A3-9474-1A3956D46DE8}") = "Modules", "Modules", "{E96CA689-86FD-4863-8F32-2137985C37DE}"
EndProject
Project("{9A19103F-16F7-4668-BE54-9A1E7A4F7556}") = "AnimeFace", "Modules\AnimeFace\AnimeFace.csproj", "{4F0E0B94-3113-42C6-9F84-11AB3EDBEA78}"
EndProject
Project("{9A19103F-16F7-4668-BE54-9A1E7A4F7556}") = "ArtificialDungeon", "Modules\ArtificialDungeon\ArtificialDungeon.csproj", "{C2F3BB56-A18E-4B9D-A832-0F3CE630B17C}"
EndProject
Project("{9A19103F-16F7-4668-BE54-9A1E7A4F7556}") = "Cringemeter", "Modules\Cringemeter\Cringemeter.csproj", "{4E28F9DC-3380-4A97-A0C7-4450D0C45D6E}"
EndProject
Project("{9A19103F-16F7-4668-BE54-9A1E7A4F7556}") = "FaceAdder", "Modules\FaceAdder\FaceAdder.csproj", "{12F6C4BE-61C0-42ED-AF3A-602A0A39420A}"
EndProject
Project("{9A19103F-16F7-4668-BE54-9A1E7A4F7556}") = "Haiku", "Modules\Haiku\Haiku.csproj", "{6C18EF6E-9914-4315-9F49-843F957E3CEC}"
EndProject
Project("{9A19103F-16F7-4668-BE54-9A1E7A4F7556}") = "Portrait", "Modules\Portrait\Portrait.csproj", "{D442A8A0-BF12-4632-A075-8DDA35DC762C}"
EndProject
Project("{9A19103F-16F7-4668-BE54-9A1E7A4F7556}") = "SentenceCompleter", "Modules\SentenceCompleter\SentenceCompleter.csproj", "{86C12C97-E73F-4A29-91E6-EFB31FBB7AF2}"
EndProject
Project("{9A19103F-16F7-4668-BE54-9A1E7A4F7556}") = "Translator", "Modules\Translator\Translator.csproj", "{2C7B0D59-5E80-4A61-81D3-A8677709E36D}"
EndProject
Global
	GlobalSection(SolutionConfigurationPlatforms) = preSolution
		Debug|Any CPU = Debug|Any CPU
		Release|Any CPU = Release|Any CPU
	EndGlobalSection
	GlobalSection(ProjectConfigurationPlatforms) = postSolution
		{61C6E861-18BB-4113-B11F-8F989CDA8755}.Debug|Any CPU.ActiveCfg = Debug|Any CPU
		{61C6E861-18BB-4113-B11F-8F989CDA8755}.Debug|Any CPU.Build.0 = Debug|Any CPU
		{61C6E861-18BB-4113-B11F-8F989CDA8755}.Release|Any CPU.ActiveCfg = Release|Any CPU
		{61C6E861-18BB-4113-B11F-8F989CDA8755}.Release|Any CPU.Build.0 = Release|Any CPU
		{70B68349-E55A-49F2-A557-4B3CAE57E0E5}.Debug|Any CPU.ActiveCfg = Debug|Any CPU
		{70B68349-E55A-49F2-A557-4B3CAE57E0E5}.Debug|Any CPU.Build.0 = Debug|Any CPU
		{70B68349-E55A-49F2-A557-4B3CAE57E0E5}.Release|Any CPU.ActiveCfg = Release|Any CPU
		{70B68349-E55A-49F2-A557-4B3CAE57E0E5}.Release|Any CPU.Build.0 = Release|Any CPU
		{77B4E6B5-FF5D-4C93-A36F-C37643691AF5}.Debug|Any CPU.ActiveCfg = Debug|Any CPU
		{77B4E6B5-FF5D-4C93-A36F-C37643691AF5}.Debug|Any CPU.Build.0 = Debug|Any CPU
		{77B4E6B5-FF5D-4C93-A36F-C37643691AF5}.Release|Any CPU.ActiveCfg = Release|Any CPU
		{77B4E6B5-FF5D-4C93-A36F-C37643691AF5}.Release|Any CPU.Build.0 = Release|Any CPU
		{3D6A38FB-A080-416B-981F-84A63CD0B1FE}.Debug|Any CPU.ActiveCfg = Debug|Any CPU
		{3D6A38FB-A080-416B-981F-84A63CD0B1FE}.Debug|Any CPU.Build.0 = Debug|Any CPU
		{3D6A38FB-A080-416B-981F-84A63CD0B1FE}.Release|Any CPU.ActiveCfg = Release|Any CPU
		{3D6A38FB-A080-416B-981F-84A63CD0B1FE}.Release|Any CPU.Build.0 = Release|Any CPU
		{4F0E0B94-3113-42C6-9F84-11AB3EDBEA78}.Debug|Any CPU.ActiveCfg = Debug|Any CPU
		{4F0E0B94-3113-42C6-9F84-11AB3EDBEA78}.Debug|Any CPU.Build.0 = Debug|Any CPU
		{4F0E0B94-3113-42C6-9F84-11AB3EDBEA78}.Release|Any CPU.ActiveCfg = Release|Any CPU
		{4F0E0B94-3113-42C6-9F84-11AB3EDBEA78}.Release|Any CPU.Build.0 = Release|Any CPU
		{C2F3BB56-A18E-4B9D-A832-0F3CE630B17C}.Debug|Any CPU.ActiveCfg = Debug|Any CPU
		{C2F3BB56-A18E-4B9D-A832-0F3CE630B17C}.Debug|Any CPU.Build.0 = Debug|Any CPU
		{C2F3BB56-A18E-4B9D-A832-0F3CE630B17C}.Release|Any CPU.ActiveCfg = Release|Any CPU
		{C2F3BB56-A18E-4B9D-A832-0F3CE630B17C}.Release|Any CPU.Build.0 = Release|Any CPU
		{4E28F9DC-3380-4A97-A0C7-4450D0C45D6E}.Debug|Any CPU.ActiveCfg = Debug|Any CPU
		{4E28F9DC-3380-4A97-A0C7-4450D0C45D6E}.Debug|Any CPU.Build.0 = Debug|Any CPU
		{4E28F9DC-3380-4A97-A0C7-4450D0C45D6E}.Release|Any CPU.ActiveCfg = Release|Any CPU
		{4E28F9DC-3380-4A97-A0C7-4450D0C45D6E}.Release|Any CPU.Build.0 = Release|Any CPU
		{12F6C4BE-61C0-42ED-AF3A-602A0A39420A}.Debug|Any CPU.ActiveCfg = Debug|Any CPU
		{12F6C4BE-61C0-42ED-AF3A-602A0A39420A}.Debug|Any CPU.Build.0 = Debug|Any CPU
		{12F6C4BE-61C0-42ED-AF3A-602A0A39420A}.Release|Any CPU.ActiveCfg = Release|Any CPU
		{12F6C4BE-61C0-42ED-AF3A-602A0A39420A}.Release|Any CPU.Build.0 = Release|Any CPU
		{6C18EF6E-9914-4315-9F49-843F957E3CEC}.Debug|Any CPU.ActiveCfg = Debug|Any CPU
		{6C18EF6E-9914-4315-9F49-843F957E3CEC}.Debug|Any CPU.Build.0 = Debug|Any CPU
		{6C18EF6E-9914-4315-9F49-843F957E3CEC}.Release|Any CPU.ActiveCfg = Release|Any CPU
		{6C18EF6E-9914-4315-9F49-843F957E3CEC}.Release|Any CPU.Build.0 = Release|Any CPU
		{D442A8A0-BF12-4632-A075-8DDA35DC762C}.Debug|Any CPU.ActiveCfg = Debug|Any CPU
		{D442A8A0-BF12-4632-A075-8DDA35DC762C}.Debug|Any CPU.Build.0 = Debug|Any CPU
		{D442A8A0-BF12-4632-A075-8DDA35DC762C}.Release|Any CPU.ActiveCfg = Release|Any CPU
		{D442A8A0-BF12-4632-A075-8DDA35DC762C}.Release|Any CPU.Build.0 = Release|Any CPU
		{86C12C97-E73F-4A29-91E6-EFB31FBB7AF2}.Debug|Any CPU.ActiveCfg = Debug|Any CPU
		{86C12C97-E73F-4A29-91E6-EFB31FBB7AF2}.Debug|Any CPU.Build.0 = Debug|Any CPU
		{86C12C97-E73F-4A29-91E6-EFB31FBB7AF2}.Release|Any CPU.ActiveCfg = Release|Any CPU
		{86C12C97-E73F-4A29-91E6-EFB31FBB7AF2}.Release|Any CPU.Build.0 = Release|Any CPU
		{2C7B0D59-5E80-4A61-81D3-A8677709E36D}.Debug|Any CPU.ActiveCfg = Debug|Any CPU
		{2C7B0D59-5E80-4A61-81D3-A8677709E36D}.Debug|Any CPU.Build.0 = Debug|Any CPU
		{2C7B0D59-5E80-4A61-81D3-A8677709E36D}.Release|Any CPU.ActiveCfg = Release|Any CPU
		{2C7B0D59-5E80-4A61-81D3-A8677709E36D}.Release|Any CPU.Build.0 = Release|Any CPU
	EndGlobalSection
	GlobalSection(SolutionProperties) = preSolution
		HideSolutionNode = FALSE
	EndGlobalSection
	GlobalSection(NestedProjects) = preSolution
		{4F0E0B94-3113-42C6-9F84-11AB3EDBEA78} = {E96CA689-86FD-4863-8F32-2137985C37DE}
		{C2F3BB56-A18E-4B9D-A832-0F3CE630B17C} = {E96CA689-86FD-4863-8F32-2137985C37DE}
		{4E28F9DC-3380-4A97-A0C7-4450D0C45D6E} = {E96CA689-86FD-4863-8F32-2137985C37DE}
		{12F6C4BE-61C0-42ED-AF3A-602A0A39420A} = {E96CA689-86FD-4863-8F32-2137985C37DE}
		{6C18EF6E-9914-4315-9F49-843F957E3CEC} = {E96CA689-86FD-4863-8F32-2137985C37DE}
		{D442A8A0-BF12-4632-A075-8DDA35DC762C} = {E96CA689-86FD-4863-8F32-2137985C37DE}
		{86C12C97-E73F-4A29-91E6-EFB31FBB7AF2} = {E96CA689-86FD-4863-8F32-2137985C37DE}
		{2C7B0D59-5E80-4A61-81D3-A8677709E36D} = {E96CA689-86FD-4863-8F32-2137985C37DE}
	EndGlobalSection
	GlobalSection(ExtensibilityGlobals) = postSolution
		SolutionGuid = {362C36FF-C7C5-431C-8B71-D0C0F96BB345}
	EndGlobalSection
EndGlobal
