
Microsoft Visual Studio Solution File, Format Version 12.00
# Visual Studio Version 16
VisualStudioVersion = 16.0.29020.237
MinimumVisualStudioVersion = 10.0.40219.1
Project("{9A19103F-16F7-4668-BE54-9A1E7A4F7556}") = "ArtificialisExcogitatoris", "ArtificialisExcogitatoris\ArtificialisExcogitatoris.csproj", "{61C6E861-18BB-4113-B11F-8F989CDA8755}"
EndProject
Project("{9A19103F-16F7-4668-BE54-9A1E7A4F7556}") = "FaceAdder", "FaceAdder\FaceAdder.csproj", "{12F6C4BE-61C0-42ED-AF3A-602A0A39420A}"
EndProject
Project("{9A19103F-16F7-4668-BE54-9A1E7A4F7556}") = "ConsoleArtificialisExcogitatoris", "ConsoleArtificialisExcogitatoris\ConsoleArtificialisExcogitatoris.csproj", "{70B68349-E55A-49F2-A557-4B3CAE57E0E5}"
EndProject
Project("{9A19103F-16F7-4668-BE54-9A1E7A4F7556}") = "Translator", "Translator\Translator.csproj", "{2C7B0D59-5E80-4A61-81D3-A8677709E36D}"
EndProject
Project("{9A19103F-16F7-4668-BE54-9A1E7A4F7556}") = "ArtificialDungeon", "ArtificialDungeon\ArtificialDungeon.csproj", "{C2F3BB56-A18E-4B9D-A832-0F3CE630B17C}"
EndProject
Project("{9A19103F-16F7-4668-BE54-9A1E7A4F7556}") = "AppSettingsManager", "AppSettingsManager\AppSettingsManager.csproj", "{77B4E6B5-FF5D-4C93-A36F-C37643691AF5}"
EndProject
Project("{9A19103F-16F7-4668-BE54-9A1E7A4F7556}") = "AnimeFace", "AnimeFace\AnimeFace.csproj", "{A919F37A-AEE5-46BD-8801-E87AF24F5CB1}"
EndProject
Project("{9A19103F-16F7-4668-BE54-9A1E7A4F7556}") = "Haiku", "Haiku\Haiku.csproj", "{84AE246B-E1EB-4B08-A0D8-45F42985C6C1}"
EndProject
Project("{9A19103F-16F7-4668-BE54-9A1E7A4F7556}") = "SentenceCompleter", "SentenceCompleter\SentenceCompleter.csproj", "{E3959FD8-BC84-4884-8774-5DF208B05FA9}"
EndProject
Project("{9A19103F-16F7-4668-BE54-9A1E7A4F7556}") = "Cringemeter", "Cringemeter\Cringemeter.csproj", "{3149422E-38B3-4928-BED8-4F60602F7AE2}"
EndProject
Project("{9A19103F-16F7-4668-BE54-9A1E7A4F7556}") = "Portrait", "Portrait\Portrait.csproj", "{00D6EA51-62C6-4157-9F46-F648B2CA71F1}"
EndProject
Project("{FAE04EC0-301F-11D3-BF4B-00C04F79EFBC}") = "Base", "Base\Base.csproj", "{3D6A38FB-A080-416B-981F-84A63CD0B1FE}"
EndProject
Global
	GlobalSection(SolutionConfigurationPlatforms) = preSolution
		Debug|Any CPU = Debug|Any CPU
		Release|Any CPU = Release|Any CPU
	EndGlobalSection
	GlobalSection(ProjectConfigurationPlatforms) = postSolution
		{61C6E861-18BB-4113-B11F-8F989CDA8755}.Debug|Any CPU.ActiveCfg = Debug|Any CPU
		{61C6E861-18BB-4113-B11F-8F989CDA8755}.Debug|Any CPU.Build.0 = Debug|Any CPU
		{61C6E861-18BB-4113-B11F-8F989CDA8755}.Release|Any CPU.ActiveCfg = Release|Any CPU
		{61C6E861-18BB-4113-B11F-8F989CDA8755}.Release|Any CPU.Build.0 = Release|Any CPU
		{12F6C4BE-61C0-42ED-AF3A-602A0A39420A}.Debug|Any CPU.ActiveCfg = Debug|Any CPU
		{12F6C4BE-61C0-42ED-AF3A-602A0A39420A}.Debug|Any CPU.Build.0 = Debug|Any CPU
		{12F6C4BE-61C0-42ED-AF3A-602A0A39420A}.Release|Any CPU.ActiveCfg = Release|Any CPU
		{12F6C4BE-61C0-42ED-AF3A-602A0A39420A}.Release|Any CPU.Build.0 = Release|Any CPU
		{70B68349-E55A-49F2-A557-4B3CAE57E0E5}.Debug|Any CPU.ActiveCfg = Debug|Any CPU
		{70B68349-E55A-49F2-A557-4B3CAE57E0E5}.Debug|Any CPU.Build.0 = Debug|Any CPU
		{70B68349-E55A-49F2-A557-4B3CAE57E0E5}.Release|Any CPU.ActiveCfg = Release|Any CPU
		{70B68349-E55A-49F2-A557-4B3CAE57E0E5}.Release|Any CPU.Build.0 = Release|Any CPU
		{2C7B0D59-5E80-4A61-81D3-A8677709E36D}.Debug|Any CPU.ActiveCfg = Debug|Any CPU
		{2C7B0D59-5E80-4A61-81D3-A8677709E36D}.Debug|Any CPU.Build.0 = Debug|Any CPU
		{2C7B0D59-5E80-4A61-81D3-A8677709E36D}.Release|Any CPU.ActiveCfg = Release|Any CPU
		{2C7B0D59-5E80-4A61-81D3-A8677709E36D}.Release|Any CPU.Build.0 = Release|Any CPU
		{C2F3BB56-A18E-4B9D-A832-0F3CE630B17C}.Debug|Any CPU.ActiveCfg = Debug|Any CPU
		{C2F3BB56-A18E-4B9D-A832-0F3CE630B17C}.Debug|Any CPU.Build.0 = Debug|Any CPU
		{C2F3BB56-A18E-4B9D-A832-0F3CE630B17C}.Release|Any CPU.ActiveCfg = Release|Any CPU
		{C2F3BB56-A18E-4B9D-A832-0F3CE630B17C}.Release|Any CPU.Build.0 = Release|Any CPU
		{77B4E6B5-FF5D-4C93-A36F-C37643691AF5}.Debug|Any CPU.ActiveCfg = Debug|Any CPU
		{77B4E6B5-FF5D-4C93-A36F-C37643691AF5}.Debug|Any CPU.Build.0 = Debug|Any CPU
		{77B4E6B5-FF5D-4C93-A36F-C37643691AF5}.Release|Any CPU.ActiveCfg = Release|Any CPU
		{77B4E6B5-FF5D-4C93-A36F-C37643691AF5}.Release|Any CPU.Build.0 = Release|Any CPU
		{A919F37A-AEE5-46BD-8801-E87AF24F5CB1}.Debug|Any CPU.ActiveCfg = Debug|Any CPU
		{A919F37A-AEE5-46BD-8801-E87AF24F5CB1}.Debug|Any CPU.Build.0 = Debug|Any CPU
		{A919F37A-AEE5-46BD-8801-E87AF24F5CB1}.Release|Any CPU.ActiveCfg = Release|Any CPU
		{A919F37A-AEE5-46BD-8801-E87AF24F5CB1}.Release|Any CPU.Build.0 = Release|Any CPU
		{84AE246B-E1EB-4B08-A0D8-45F42985C6C1}.Debug|Any CPU.ActiveCfg = Debug|Any CPU
		{84AE246B-E1EB-4B08-A0D8-45F42985C6C1}.Debug|Any CPU.Build.0 = Debug|Any CPU
		{84AE246B-E1EB-4B08-A0D8-45F42985C6C1}.Release|Any CPU.ActiveCfg = Release|Any CPU
		{84AE246B-E1EB-4B08-A0D8-45F42985C6C1}.Release|Any CPU.Build.0 = Release|Any CPU
		{E3959FD8-BC84-4884-8774-5DF208B05FA9}.Debug|Any CPU.ActiveCfg = Debug|Any CPU
		{E3959FD8-BC84-4884-8774-5DF208B05FA9}.Debug|Any CPU.Build.0 = Debug|Any CPU
		{E3959FD8-BC84-4884-8774-5DF208B05FA9}.Release|Any CPU.ActiveCfg = Release|Any CPU
		{E3959FD8-BC84-4884-8774-5DF208B05FA9}.Release|Any CPU.Build.0 = Release|Any CPU
		{3149422E-38B3-4928-BED8-4F60602F7AE2}.Debug|Any CPU.ActiveCfg = Debug|Any CPU
		{3149422E-38B3-4928-BED8-4F60602F7AE2}.Debug|Any CPU.Build.0 = Debug|Any CPU
		{3149422E-38B3-4928-BED8-4F60602F7AE2}.Release|Any CPU.ActiveCfg = Release|Any CPU
		{3149422E-38B3-4928-BED8-4F60602F7AE2}.Release|Any CPU.Build.0 = Release|Any CPU
		{00D6EA51-62C6-4157-9F46-F648B2CA71F1}.Debug|Any CPU.ActiveCfg = Debug|Any CPU
		{00D6EA51-62C6-4157-9F46-F648B2CA71F1}.Debug|Any CPU.Build.0 = Debug|Any CPU
		{00D6EA51-62C6-4157-9F46-F648B2CA71F1}.Release|Any CPU.ActiveCfg = Release|Any CPU
		{00D6EA51-62C6-4157-9F46-F648B2CA71F1}.Release|Any CPU.Build.0 = Release|Any CPU
		{3D6A38FB-A080-416B-981F-84A63CD0B1FE}.Debug|Any CPU.ActiveCfg = Debug|Any CPU
		{3D6A38FB-A080-416B-981F-84A63CD0B1FE}.Debug|Any CPU.Build.0 = Debug|Any CPU
		{3D6A38FB-A080-416B-981F-84A63CD0B1FE}.Release|Any CPU.ActiveCfg = Release|Any CPU
		{3D6A38FB-A080-416B-981F-84A63CD0B1FE}.Release|Any CPU.Build.0 = Release|Any CPU
	EndGlobalSection
	GlobalSection(SolutionProperties) = preSolution
		HideSolutionNode = FALSE
	EndGlobalSection
	GlobalSection(ExtensibilityGlobals) = postSolution
		SolutionGuid = {362C36FF-C7C5-431C-8B71-D0C0F96BB345}
	EndGlobalSection
EndGlobal
