
Microsoft Visual Studio Solution File, Format Version 12.00
# Visual Studio 15
VisualStudioVersion = 15.0.28307.489
MinimumVisualStudioVersion = 10.0.40219.1
Project("{9A19103F-16F7-4668-BE54-9A1E7A4F7556}") = "ArtificialisExcogitatoris", "ArtificialisExcogitatoris\ArtificialisExcogitatoris.csproj", "{61C6E861-18BB-4113-B11F-8F989CDA8755}"
EndProject
Project("{FAE04EC0-301F-11D3-BF4B-00C04F79EFBC}") = "FaceAdder", "FaceAdder\FaceAdder.csproj", "{12F6C4BE-61C0-42ED-AF3A-602A0A39420A}"
EndProject
Global
	GlobalSection(SolutionConfigurationPlatforms) = preSolution
		Debug|Any CPU = Debug|Any CPU
		Release|Any CPU = Release|Any CPU
	EndGlobalSection
	GlobalSection(ProjectConfigurationPlatforms) = postSolution
		{61C6E861-18BB-4113-B11F-8F989CDA8755}.Debug|Any CPU.ActiveCfg = Debug|Any CPU
		{61C6E861-18BB-4113-B11F-8F989CDA8755}.Debug|Any CPU.Build.0 = Debug|Any CPU
		{61C6E861-18BB-4113-B11F-8F989CDA8755}.Release|Any CPU.ActiveCfg = Release|Any CPU
		{61C6E861-18BB-4113-B11F-8F989CDA8755}.Release|Any CPU.Build.0 = Release|Any CPU
		{12F6C4BE-61C0-42ED-AF3A-602A0A39420A}.Debug|Any CPU.ActiveCfg = Debug|Any CPU
		{12F6C4BE-61C0-42ED-AF3A-602A0A39420A}.Debug|Any CPU.Build.0 = Debug|Any CPU
		{12F6C4BE-61C0-42ED-AF3A-602A0A39420A}.Release|Any CPU.ActiveCfg = Release|Any CPU
		{12F6C4BE-61C0-42ED-AF3A-602A0A39420A}.Release|Any CPU.Build.0 = Release|Any CPU
	EndGlobalSection
	GlobalSection(SolutionProperties) = preSolution
		HideSolutionNode = FALSE
	EndGlobalSection
	GlobalSection(ExtensibilityGlobals) = postSolution
		SolutionGuid = {362C36FF-C7C5-431C-8B71-D0C0F96BB345}
	EndGlobalSection
EndGlobal
