
Microsoft Visual Studio Solution File, Format Version 12.00
# Visual Studio Version 16
VisualStudioVersion = 16.0.29020.237
MinimumVisualStudioVersion = 10.0.40219.1
Project("{9A19103F-16F7-4668-BE54-9A1E7A4F7556}") = "ASP.ArtificialisExcogitatoris", "ASP.ArtificialisExcogitatoris\ASP.ArtificialisExcogitatoris.csproj", "{3B21A3DD-1D83-43CC-B1ED-2544CBDB7EFF}"
EndProject
Project("{9A19103F-16F7-4668-BE54-9A1E7A4F7556}") = "ArtificialisExcogitatoris", "ArtificialisExcogitatoris\ArtificialisExcogitatoris.csproj", "{A6076DFB-35AB-467F-A6F9-F4617F3F38A8}"
EndProject
Project("{FAE04EC0-301F-11D3-BF4B-00C04F79EFBC}") = "FaceAdder", "FaceAdder\FaceAdder.csproj", "{12F6C4BE-61C0-42ED-AF3A-602A0A39420A}"
EndProject
Global
	GlobalSection(SolutionConfigurationPlatforms) = preSolution
		Debug|Any CPU = Debug|Any CPU
		Release|Any CPU = Release|Any CPU
	EndGlobalSection
	GlobalSection(ProjectConfigurationPlatforms) = postSolution
		{3B21A3DD-1D83-43CC-B1ED-2544CBDB7EFF}.Debug|Any CPU.ActiveCfg = Debug|Any CPU
		{3B21A3DD-1D83-43CC-B1ED-2544CBDB7EFF}.Debug|Any CPU.Build.0 = Debug|Any CPU
		{3B21A3DD-1D83-43CC-B1ED-2544CBDB7EFF}.Release|Any CPU.ActiveCfg = Release|Any CPU
		{3B21A3DD-1D83-43CC-B1ED-2544CBDB7EFF}.Release|Any CPU.Build.0 = Release|Any CPU
		{A6076DFB-35AB-467F-A6F9-F4617F3F38A8}.Debug|Any CPU.ActiveCfg = Debug|Any CPU
		{A6076DFB-35AB-467F-A6F9-F4617F3F38A8}.Debug|Any CPU.Build.0 = Debug|Any CPU
		{A6076DFB-35AB-467F-A6F9-F4617F3F38A8}.Release|Any CPU.ActiveCfg = Release|Any CPU
		{A6076DFB-35AB-467F-A6F9-F4617F3F38A8}.Release|Any CPU.Build.0 = Release|Any CPU
		{12F6C4BE-61C0-42ED-AF3A-602A0A39420A}.Debug|Any CPU.ActiveCfg = Debug|Any CPU
		{12F6C4BE-61C0-42ED-AF3A-602A0A39420A}.Debug|Any CPU.Build.0 = Debug|Any CPU
		{12F6C4BE-61C0-42ED-AF3A-602A0A39420A}.Release|Any CPU.ActiveCfg = Release|Any CPU
		{12F6C4BE-61C0-42ED-AF3A-602A0A39420A}.Release|Any CPU.Build.0 = Release|Any CPU
	EndGlobalSection
	GlobalSection(SolutionProperties) = preSolution
		HideSolutionNode = FALSE
	EndGlobalSection
	GlobalSection(ExtensibilityGlobals) = postSolution
		SolutionGuid = {DCF68820-7827-483F-B9B6-7CA141613AD1}
	EndGlobalSection
EndGlobal
